{
  "nodes": {
    "home-manager": {
      "inputs": {
        "nixpkgs": "nixpkgs"
      },
      "locked": {
        "lastModified": 1609426169,
        "narHash": "sha256-JK3P0uxgzuNr0AnrL4KRsR76h5T2TPIs0MpLuOyG0TQ=",
        "owner": "nix-community",
        "repo": "home-manager",
        "rev": "f6fd7e3fa4fac876f02309b780492f9f2d58093a",
        "type": "github"
      },
      "original": {
        "owner": "nix-community",
        "repo": "home-manager",
        "type": "github"
      }
    },
    "nixpkgs": {
      "locked": {
        "lastModified": 1609426354,
        "narHash": "sha256-QPbRB/4yVbUB0jaPFwxHi6CA2VfUJHiHo4VaMMIcWdw=",
        "owner": "NixOS",
        "repo": "nixpkgs",
        "rev": "f1079ad898e6defc6cb354194ce2fd90aa166fdf",
        "type": "github"
      },
      "original": {
        "id": "nixpkgs",
        "type": "indirect"
      }
    },
    "nixpkgs_2": {
      "locked": {
        "lastModified": 1609187327,
        "narHash": "sha256-6lCwWpGpZxbSYclryv4ixsxxbISe7HuLyyQnGWCC8ZQ=",
        "owner": "nixos",
        "repo": "nixpkgs",
        "rev": "e065200fc90175a8f6e50e76ef10a48786126e1c",
        "type": "github"
      },
      "original": {
        "owner": "nixos",
        "ref": "nixos-20.09",
        "repo": "nixpkgs",
        "type": "github"
      }
    },
    "root": {
      "inputs": {
        "home-manager": "home-manager",
        "nixpkgs": "nixpkgs_2",
        "unstable": "unstable"
      }
    },
    "unstable": {
      "locked": {
        "lastModified": 1609254719,
        "narHash": "sha256-XB3391z8r81Bt8NfQzB+tYdTWoraY0QVdXM21JhfW+Y=",
        "owner": "nixos",
        "repo": "nixpkgs",
        "rev": "733e537a8ad76fd355b6f501127f7d0eb8861775",
        "type": "github"
      },
      "original": {
        "owner": "nixos",
        "ref": "nixos-unstable",
        "repo": "nixpkgs",
        "type": "github"
      }
    }
  },
  "root": "root",
  "version": 7
}
